github.com/davecgh/go-spew v1.1.1 h1:vj9j/33wvWFUtilS1DKgmQfpQJbNQkNa/fAI6AtqY=
github.com/davecgh/go-spew v1.1.1/go.mod h1:J7Y8YcW2NihsgmVo/mv3lAwl/skON4iLHAMsEFJFuM=
github.com/golang-jwt/jwt/v5 v5.2.0 h1:d/wpUCmgpDnyHSyYstNjAQPnxvReoqWB+6o2AAAI8M=
github.com/golang-jwt/jwt/v5 v5.2.0/go.mod h1:pqrtFtq9PgH0oDQHIV9NiFEo5+1BImqiMmNjDMD5c=
github.com/gorilla/mux v1.8.1 h1:ktnsCaKvwXNYJIG0QShUKvPZqKvWFuVcIqCSi7FQcw=
github.com/gorilla/mux v1.8.1/go.mod h1:DVbg23sWSpwHjKqDP3AcxTtXUVksvObFdu46z52QV0=
github.com/joho/godotenv v1.5.1 h1:7P4SfwW0WPa9ZRvzJ351xygrupH3P7pxsaHQmLnQpQ=
github.com/joho/godotenv v1.5.1/go.mod h1:f4LDr5Voq0i2e/R5DDNOoa2zzDfwtkZa49PnqnW2w=
github.com/lib/pq v1.10.9 h1:YXG7RB+JIjhP29X+OtkiDnYaXQsIUVZVfWu8MV39J=
github.com/lib/pq v1.10.9/go.mod h1:AlVN5x4e4A4AxzjgYzhemQYmPVQkMRA0X1go1o10pI=
github.com/pmezard/go-difflib v1.0.0 h1:4DBwDE0NGyQoBHSOHEySMcqr0sgE1/65sNgU1IlWOc=
github.com/pmezard/go-difflib v1.0.0/go.mod h1:iKH77koFhYxTK1pcRnkGLp1Y2D7c7rgoJQ5tq4vmrQ=
github.com/stretchr/testify v1.8.4 h1:CcVxjf3Q8UT3rGkl3QzYKSm62XQMwNQzM1zNU8y0+M=
github.com/stretchr/testify v1.8.4/go.mod h1:szCsONQn7D5H7CAwzhUlsJkDqk7QTZS3GhKJ/F2DVQ=
github.com/stretchr/objx v0.5.0 h1:1zr/of2m5FGMARZTwJjSHWW/zt+UHMVcJ39e9RO0M8=
github.com/stretchr/objx v0.5.0/go.mod h1:Yh+to48eh7SkQlqeQvc9i/qLUVMkGCjc5unKmcx72w=
gopkg.in/yaml.v3 v3.0.1 h1:fxVm/GzAzEWqLHEvluCIrvfZl3UlS19yusH9HNF4w0=
gopkg.in/yaml.v3 v3.0.1/go.mod h1:K4uyk7z7BCEPqu6E+C64Yfv1cQ7kzQP5n1gB4tbaM=
